// !$*UTF8*$!
{
	archiveVersion = 1;
	classes = {
	};
	objectVersion = 60;
	objects = {

/* Begin PBXBuildFile section */
		36404C1727F9D6AC0071D495 /* AppDelegate.swift in Sources */ = {isa = PBXBuildFile; fileRef = 3659511E27F9479E00A608BA /* AppDelegate.swift */; };
		3659515A27F9555500A608BA /* main.swift in Sources */ = {isa = PBXBuildFile; fileRef = 3659515927F9555500A608BA /* main.swift */; };
		3659515D27F9698700A608BA /* CocoaTime.swift in Sources */ = {isa = PBXBuildFile; fileRef = 3659515C27F9698700A608BA /* CocoaTime.swift */; };
		3659515F27F9870700A608BA /* CocoaApps.swift in Sources */ = {isa = PBXBuildFile; fileRef = 3659515E27F9870700A608BA /* CocoaApps.swift */; };
		36ACC8B72F5FF21700618B1D /* SQLiteStorage in Frameworks */ = {isa = PBXBuildFile; productRef = 36ACC8B62F5FF21700618B1D /* SQLiteStorage */; };
		36ACC8B92F5FF21B00618B1D /* TimelineCore in Frameworks */ = {isa = PBXBuildFile; productRef = 36ACC8B82F5FF21B00618B1D /* TimelineCore */; };
		36F29EB1280B2AD0001AE598 /* StatisticsView.swift in Sources */ = {isa = PBXBuildFile; fileRef = 36F29EAF280B29F3001AE598 /* StatisticsView.swift */; };
		36F29EB2280B2ADA001AE598 /* Date+Extensions.swift in Sources */ = {isa = PBXBuildFile; fileRef = 36F29EB0280B29FA001AE598 /* Date+Extensions.swift */; };
/* End PBXBuildFile section */

/* Begin PBXCopyFilesBuildPhase section */
		3671378927DC97FF00BDE117 /* Embed Frameworks */ = {
			isa = PBXCopyFilesBuildPhase;
			buildActionMask = 2147483647;
			dstPath = "";
			dstSubfolderSpec = 10;
			files = (
			);
			name = "Embed Frameworks";
			runOnlyForDeploymentPostprocessing = 0;
		};
/* End PBXCopyFilesBuildPhase section */

/* Begin PBXFileReference section */
		360A437628087CCF0088B091 /* README.md */ = {isa = PBXFileReference; lastKnownFileType = net.daringfireball.markdown; path = README.md; sourceTree = "<group>"; };
		3659511E27F9479E00A608BA /* AppDelegate.swift */ = {isa = PBXFileReference; lastKnownFileType = sourcecode.swift; path = AppDelegate.swift; sourceTree = "<group>"; };
		3659512127F9523F00A608BA /* timeline--macOS--Info.plist */ = {isa = PBXFileReference; lastKnownFileType = text.plist.xml; path = "timeline--macOS--Info.plist"; sourceTree = "<group>"; };
		3659515927F9555500A608BA /* main.swift */ = {isa = PBXFileReference; lastKnownFileType = sourcecode.swift; path = main.swift; sourceTree = "<group>"; };
		3659515C27F9698700A608BA /* CocoaTime.swift */ = {isa = PBXFileReference; lastKnownFileType = sourcecode.swift; path = CocoaTime.swift; sourceTree = "<group>"; };
		3659515E27F9870700A608BA /* CocoaApps.swift */ = {isa = PBXFileReference; lastKnownFileType = sourcecode.swift; path = CocoaApps.swift; sourceTree = "<group>"; };
		3671373D27DC872000BDE117 /* timeline.app */ = {isa = PBXFileReference; explicitFileType = wrapper.application; includeInIndex = 0; path = timeline.app; sourceTree = BUILT_PRODUCTS_DIR; };
		3671373F27DC872000BDE117 /* macOS.entitlements */ = {isa = PBXFileReference; lastKnownFileType = text.plist.entitlements; path = macOS.entitlements; sourceTree = "<group>"; };
		36F29EAF280B29F3001AE598 /* StatisticsView.swift */ = {isa = PBXFileReference; lastKnownFileType = sourcecode.swift; path = StatisticsView.swift; sourceTree = "<group>"; };
		36F29EB0280B29FA001AE598 /* Date+Extensions.swift */ = {isa = PBXFileReference; lastKnownFileType = sourcecode.swift; path = "Date+Extensions.swift"; sourceTree = "<group>"; };
/* End PBXFileReference section */

/* Begin PBXFrameworksBuildPhase section */
		3671373A27DC872000BDE117 /* Frameworks */ = {
			isa = PBXFrameworksBuildPhase;
			buildActionMask = 2147483647;
			files = (
				36ACC8B92F5FF21B00618B1D /* TimelineCore in Frameworks */,
				36ACC8B72F5FF21700618B1D /* SQLiteStorage in Frameworks */,
			);
			runOnlyForDeploymentPostprocessing = 0;
		};
/* End PBXFrameworksBuildPhase section */

/* Begin PBXGroup section */
		3659517527F9C39B00A608BA /* Frameworks */ = {
			isa = PBXGroup;
			children = (
			);
			name = Frameworks;
			sourceTree = "<group>";
		};
		3671372A27DC871F00BDE117 = {
			isa = PBXGroup;
			children = (
				360A437628087CCF0088B091 /* README.md */,
				3671373E27DC872000BDE117 /* macOS */,
				3671373827DC872000BDE117 /* Products */,
				3659517527F9C39B00A608BA /* Frameworks */,
			);
			sourceTree = "<group>";
		};
		3671373827DC872000BDE117 /* Products */ = {
			isa = PBXGroup;
			children = (
				3671373D27DC872000BDE117 /* timeline.app */,
			);
			name = Products;
			sourceTree = "<group>";
		};
		3671373E27DC872000BDE117 /* macOS */ = {
			isa = PBXGroup;
			children = (
				3659515927F9555500A608BA /* main.swift */,
				3659511E27F9479E00A608BA /* AppDelegate.swift */,
				36F29EAF280B29F3001AE598 /* StatisticsView.swift */,
				3659515C27F9698700A608BA /* CocoaTime.swift */,
				3659515E27F9870700A608BA /* CocoaApps.swift */,
				36F29EB0280B29FA001AE598 /* Date+Extensions.swift */,
				3671373F27DC872000BDE117 /* macOS.entitlements */,
				3659512127F9523F00A608BA /* timeline--macOS--Info.plist */,
			);
			path = macOS;
			sourceTree = "<group>";
		};
/* End PBXGroup section */

/* Begin PBXNativeTarget section */
		3671373C27DC872000BDE117 /* timeline (macOS) */ = {
			isa = PBXNativeTarget;
			buildConfigurationList = 3671376327DC872000BDE117 /* Build configuration list for PBXNativeTarget "timeline (macOS)" */;
			buildPhases = (
				3671373927DC872000BDE117 /* Sources */,
				3671373A27DC872000BDE117 /* Frameworks */,
				3671373B27DC872000BDE117 /* Resources */,
				3671378927DC97FF00BDE117 /* Embed Frameworks */,
			);
			buildRules = (
			);
			dependencies = (
				36ACC8B52F5FF1B300618B1D /* PBXTargetDependency */,
			);
			name = "timeline (macOS)";
			packageProductDependencies = (
				36ACC8B62F5FF21700618B1D /* SQLiteStorage */,
				36ACC8B82F5FF21B00618B1D /* TimelineCore */,
			);
			productName = "timeline (macOS)";
			productReference = 3671373D27DC872000BDE117 /* timeline.app */;
			productType = "com.apple.product-type.application";
		};
/* End PBXNativeTarget section */

/* Begin PBXProject section */
		3671372B27DC871F00BDE117 /* Project object */ = {
			isa = PBXProject;
			attributes = {
				BuildIndependentTargetsInParallel = 1;
				LastSwiftUpdateCheck = 1320;
				LastUpgradeCheck = 1320;
				TargetAttributes = {
					3671373C27DC872000BDE117 = {
						CreatedOnToolsVersion = 13.2;
					};
				};
			};
			buildConfigurationList = 3671372E27DC871F00BDE117 /* Build configuration list for PBXProject "timeline" */;
			compatibilityVersion = "Xcode 13.0";
			developmentRegion = en;
			hasScannedForEncodings = 0;
			knownRegions = (
				en,
				Base,
			);
			mainGroup = 3671372A27DC871F00BDE117;
			packageReferences = (
				36EFD83228083EE500C098F9 /* XCRemoteSwiftPackageReference "SQLite.swift" */,
				36ACC8B32F5FF08100618B1D /* XCLocalSwiftPackageReference "../timeline" */,
			);
			productRefGroup = 3671373827DC872000BDE117 /* Products */;
			projectDirPath = "";
			projectRoot = "";
			targets = (
				3671373C27DC872000BDE117 /* timeline (macOS) */,
			);
		};
/* End PBXProject section */

/* Begin PBXResourcesBuildPhase section */
		3671373B27DC872000BDE117 /* Resources */ = {
			isa = PBXResourcesBuildPhase;
			buildActionMask = 2147483647;
			files = (
			);
			runOnlyForDeploymentPostprocessing = 0;
		};
/* End PBXResourcesBuildPhase section */

/* Begin PBXSourcesBuildPhase section */
		3671373927DC872000BDE117 /* Sources */ = {
			isa = PBXSourcesBuildPhase;
			buildActionMask = 2147483647;
			files = (
				3659515D27F9698700A608BA /* CocoaTime.swift in Sources */,
				36F29EB1280B2AD0001AE598 /* StatisticsView.swift in Sources */,
				3659515F27F9870700A608BA /* CocoaApps.swift in Sources */,
				36404C1727F9D6AC0071D495 /* AppDelegate.swift in Sources */,
				3659515A27F9555500A608BA /* main.swift in Sources */,
				36F29EB2280B2ADA001AE598 /* Date+Extensions.swift in Sources */,
			);
			runOnlyForDeploymentPostprocessing = 0;
		};
/* End PBXSourcesBuildPhase section */

/* Begin PBXTargetDependency section */
		36ACC8B52F5FF1B300618B1D /* PBXTargetDependency */ = {
			isa = PBXTargetDependency;
			productRef = 36ACC8B42F5FF1B300618B1D /* TimelineCore */;
		};
/* End PBXTargetDependency section */

/* Begin XCBuildConfiguration section */
		3671375E27DC872000BDE117 /* Debug */ = {
			isa = XCBuildConfiguration;
			buildSettings = {
				ALWAYS_SEARCH_USER_PATHS = NO;
				CLANG_ANALYZER_NONNULL = YES;
				CLANG_ANALYZER_NUMBER_OBJECT_CONVERSION = YES_AGGRESSIVE;
				CLANG_CXX_LANGUAGE_STANDARD = "gnu++17";
				CLANG_CXX_LIBRARY = "libc++";
				CLANG_ENABLE_MODULES = YES;
				CLANG_ENABLE_OBJC_ARC = YES;
				CLANG_ENABLE_OBJC_WEAK = YES;
				CLANG_WARN_BLOCK_CAPTURE_AUTORELEASING = YES;
				CLANG_WARN_BOOL_CONVERSION = YES;
				CLANG_WARN_COMMA = YES;
				CLANG_WARN_CONSTANT_CONVERSION = YES;
				CLANG_WARN_DEPRECATED_OBJC_IMPLEMENTATIONS = YES;
				CLANG_WARN_DIRECT_OBJC_ISA_USAGE = YES_ERROR;
				CLANG_WARN_DOCUMENTATION_COMMENTS = YES;
				CLANG_WARN_EMPTY_BODY = YES;
				CLANG_WARN_ENUM_CONVERSION = YES;
				CLANG_WARN_INFINITE_RECURSION = YES;
				CLANG_WARN_INT_CONVERSION = YES;
				CLANG_WARN_NON_LITERAL_NULL_CONVERSION = YES;
				CLANG_WARN_OBJC_IMPLICIT_RETAIN_SELF = YES;
				CLANG_WARN_OBJC_LITERAL_CONVERSION = YES;
				CLANG_WARN_OBJC_ROOT_CLASS = YES_ERROR;
				CLANG_WARN_QUOTED_INCLUDE_IN_FRAMEWORK_HEADER = YES;
				CLANG_WARN_RANGE_LOOP_ANALYSIS = YES;
				CLANG_WARN_STRICT_PROTOTYPES = YES;
				CLANG_WARN_SUSPICIOUS_MOVE = YES;
				CLANG_WARN_UNGUARDED_AVAILABILITY = YES_AGGRESSIVE;
				CLANG_WARN_UNREACHABLE_CODE = YES;
				CLANG_WARN__DUPLICATE_METHOD_MATCH = YES;
				COPY_PHASE_STRIP = NO;
				DEBUG_INFORMATION_FORMAT = dwarf;
				ENABLE_STRICT_OBJC_MSGSEND = YES;
				ENABLE_TESTABILITY = YES;
				GCC_C_LANGUAGE_STANDARD = gnu11;
				GCC_DYNAMIC_NO_PIC = NO;
				GCC_NO_COMMON_BLOCKS = YES;
				GCC_OPTIMIZATION_LEVEL = 0;
				GCC_PREPROCESSOR_DEFINITIONS = (
					"DEBUG=1",
					"$(inherited)",
				);
				GCC_WARN_64_TO_32_BIT_CONVERSION = YES;
				GCC_WARN_ABOUT_RETURN_TYPE = YES_ERROR;
				GCC_WARN_UNDECLARED_SELECTOR = YES;
				GCC_WARN_UNINITIALIZED_AUTOS = YES_AGGRESSIVE;
				GCC_WARN_UNUSED_FUNCTION = YES;
				GCC_WARN_UNUSED_VARIABLE = YES;
				MACOSX_DEPLOYMENT_TARGET = 12.0;
				MTL_ENABLE_DEBUG_INFO = INCLUDE_SOURCE;
				MTL_FAST_MATH = YES;
				ONLY_ACTIVE_ARCH = YES;
				SWIFT_ACTIVE_COMPILATION_CONDITIONS = DEBUG;
				SWIFT_OPTIMIZATION_LEVEL = "-Onone";
			};
			name = Debug;
		};
		3671375F27DC872000BDE117 /* Release */ = {
			isa = XCBuildConfiguration;
			buildSettings = {
				ALWAYS_SEARCH_USER_PATHS = NO;
				CLANG_ANALYZER_NONNULL = YES;
				CLANG_ANALYZER_NUMBER_OBJECT_CONVERSION = YES_AGGRESSIVE;
				CLANG_CXX_LANGUAGE_STANDARD = "gnu++17";
				CLANG_CXX_LIBRARY = "libc++";
				CLANG_ENABLE_MODULES = YES;
				CLANG_ENABLE_OBJC_ARC = YES;
				CLANG_ENABLE_OBJC_WEAK = YES;
				CLANG_WARN_BLOCK_CAPTURE_AUTORELEASING = YES;
				CLANG_WARN_BOOL_CONVERSION = YES;
				CLANG_WARN_COMMA = YES;
				CLANG_WARN_CONSTANT_CONVERSION = YES;
				CLANG_WARN_DEPRECATED_OBJC_IMPLEMENTATIONS = YES;
				CLANG_WARN_DIRECT_OBJC_ISA_USAGE = YES_ERROR;
				CLANG_WARN_DOCUMENTATION_COMMENTS = YES;
				CLANG_WARN_EMPTY_BODY = YES;
				CLANG_WARN_ENUM_CONVERSION = YES;
				CLANG_WARN_INFINITE_RECURSION = YES;
				CLANG_WARN_INT_CONVERSION = YES;
				CLANG_WARN_NON_LITERAL_NULL_CONVERSION = YES;
				CLANG_WARN_OBJC_IMPLICIT_RETAIN_SELF = YES;
				CLANG_WARN_OBJC_LITERAL_CONVERSION = YES;
				CLANG_WARN_OBJC_ROOT_CLASS = YES_ERROR;
				CLANG_WARN_QUOTED_INCLUDE_IN_FRAMEWORK_HEADER = YES;
				CLANG_WARN_RANGE_LOOP_ANALYSIS = YES;
				CLANG_WARN_STRICT_PROTOTYPES = YES;
				CLANG_WARN_SUSPICIOUS_MOVE = YES;
				CLANG_WARN_UNGUARDED_AVAILABILITY = YES_AGGRESSIVE;
				CLANG_WARN_UNREACHABLE_CODE = YES;
				CLANG_WARN__DUPLICATE_METHOD_MATCH = YES;
				COPY_PHASE_STRIP = NO;
				DEBUG_INFORMATION_FORMAT = "dwarf-with-dsym";
				ENABLE_NS_ASSERTIONS = NO;
				ENABLE_STRICT_OBJC_MSGSEND = YES;
				GCC_C_LANGUAGE_STANDARD = gnu11;
				GCC_NO_COMMON_BLOCKS = YES;
				GCC_WARN_64_TO_32_BIT_CONVERSION = YES;
				GCC_WARN_ABOUT_RETURN_TYPE = YES_ERROR;
				GCC_WARN_UNDECLARED_SELECTOR = YES;
				GCC_WARN_UNINITIALIZED_AUTOS = YES_AGGRESSIVE;
				GCC_WARN_UNUSED_FUNCTION = YES;
				GCC_WARN_UNUSED_VARIABLE = YES;
				MACOSX_DEPLOYMENT_TARGET = 12.0;
				MTL_ENABLE_DEBUG_INFO = NO;
				MTL_FAST_MATH = YES;
				SWIFT_COMPILATION_MODE = wholemodule;
				SWIFT_OPTIMIZATION_LEVEL = "-O";
			};
			name = Release;
		};
		3671376427DC872000BDE117 /* Debug */ = {
			isa = XCBuildConfiguration;
			buildSettings = {
				ALWAYS_EMBED_SWIFT_STANDARD_LIBRARIES = YES;
				ASSETCATALOG_COMPILER_APPICON_NAME = AppIcon;
				ASSETCATALOG_COMPILER_GLOBAL_ACCENT_COLOR_NAME = AccentColor;
				CODE_SIGN_ENTITLEMENTS = macOS/macOS.entitlements;
				CODE_SIGN_STYLE = Automatic;
				COMBINE_HIDPI_IMAGES = YES;
				CURRENT_PROJECT_VERSION = 1;
				DEVELOPMENT_TEAM = EAU9KK2R4P;
				ENABLE_HARDENED_RUNTIME = YES;
				ENABLE_PREVIEWS = YES;
				GENERATE_INFOPLIST_FILE = YES;
				INFOPLIST_FILE = "macOS/timeline--macOS--Info.plist";
				INFOPLIST_KEY_LSApplicationCategoryType = "public.app-category.productivity";
				INFOPLIST_KEY_NSHumanReadableCopyright = "";
				LD_RUNPATH_SEARCH_PATHS = (
					"$(inherited)",
					"@executable_path/../Frameworks",
				);
				MARKETING_VERSION = 1.0;
				PRODUCT_BUNDLE_IDENTIFIER = ru.redetection.timeline;
				PRODUCT_NAME = timeline;
				SDKROOT = macosx;
				SWIFT_EMIT_LOC_STRINGS = YES;
				SWIFT_VERSION = 5.0;
			};
			name = Debug;
		};
		3671376527DC872000BDE117 /* Release */ = {
			isa = XCBuildConfiguration;
			buildSettings = {
				ALWAYS_EMBED_SWIFT_STANDARD_LIBRARIES = YES;
				ASSETCATALOG_COMPILER_APPICON_NAME = AppIcon;
				ASSETCATALOG_COMPILER_GLOBAL_ACCENT_COLOR_NAME = AccentColor;
				CODE_SIGN_ENTITLEMENTS = macOS/macOS.entitlements;
				CODE_SIGN_STYLE = Automatic;
				COMBINE_HIDPI_IMAGES = YES;
				CURRENT_PROJECT_VERSION = 1;
				DEVELOPMENT_TEAM = 6Y5B9KT4Y6;
				ENABLE_HARDENED_RUNTIME = YES;
				ENABLE_PREVIEWS = YES;
				GENERATE_INFOPLIST_FILE = YES;
				INFOPLIST_FILE = "macOS/timeline--macOS--Info.plist";
				INFOPLIST_KEY_LSApplicationCategoryType = "public.app-category.productivity";
				INFOPLIST_KEY_NSHumanReadableCopyright = "";
				LD_RUNPATH_SEARCH_PATHS = (
					"$(inherited)",
					"@executable_path/../Frameworks",
				);
				MARKETING_VERSION = 1.0;
				PRODUCT_BUNDLE_IDENTIFIER = ru.redetection.timeline;
				PRODUCT_NAME = timeline;
				SDKROOT = macosx;
				SWIFT_EMIT_LOC_STRINGS = YES;
				SWIFT_VERSION = 5.0;
			};
			name = Release;
		};
/* End XCBuildConfiguration section */

/* Begin XCConfigurationList section */
		3671372E27DC871F00BDE117 /* Build configuration list for PBXProject "timeline" */ = {
			isa = XCConfigurationList;
			buildConfigurations = (
				3671375E27DC872000BDE117 /* Debug */,
				3671375F27DC872000BDE117 /* Release */,
			);
			defaultConfigurationIsVisible = 0;
			defaultConfigurationName = Release;
		};
		3671376327DC872000BDE117 /* Build configuration list for PBXNativeTarget "timeline (macOS)" */ = {
			isa = XCConfigurationList;
			buildConfigurations = (
				3671376427DC872000BDE117 /* Debug */,
				3671376527DC872000BDE117 /* Release */,
			);
			defaultConfigurationIsVisible = 0;
			defaultConfigurationName = Release;
		};
/* End XCConfigurationList section */

/* Begin XCLocalSwiftPackageReference section */
		36ACC8B32F5FF08100618B1D /* XCLocalSwiftPackageReference "../timeline" */ = {
			isa = XCLocalSwiftPackageReference;
			relativePath = ../timeline;
		};
/* End XCLocalSwiftPackageReference section */

/* Begin XCRemoteSwiftPackageReference section */
		36EFD83228083EE500C098F9 /* XCRemoteSwiftPackageReference "SQLite.swift" */ = {
			isa = XCRemoteSwiftPackageReference;
			repositoryURL = "https://github.com/stephencelis/SQLite.swift.git";
			requirement = {
				kind = upToNextMinorVersion;
				minimumVersion = 0.13.3;
			};
		};
/* End XCRemoteSwiftPackageReference section */

/* Begin XCSwiftPackageProductDependency section */
		36ACC8B42F5FF1B300618B1D /* TimelineCore */ = {
			isa = XCSwiftPackageProductDependency;
			package = 36ACC8B32F5FF08100618B1D /* XCLocalSwiftPackageReference "../timeline" */;
			productName = TimelineCore;
		};
		36ACC8B62F5FF21700618B1D /* SQLiteStorage */ = {
			isa = XCSwiftPackageProductDependency;
			package = 36ACC8B32F5FF08100618B1D /* XCLocalSwiftPackageReference "../timeline" */;
			productName = SQLiteStorage;
		};
		36ACC8B82F5FF21B00618B1D /* TimelineCore */ = {
			isa = XCSwiftPackageProductDependency;
			package = 36ACC8B32F5FF08100618B1D /* XCLocalSwiftPackageReference "../timeline" */;
			productName = TimelineCore;
		};
/* End XCSwiftPackageProductDependency section */
	};
	rootObject = 3671372B27DC871F00BDE117 /* Project object */;
}
