// !$*UTF8*$!
{
	archiveVersion = 1;
	classes = {
	};
	objectVersion = 55;
	objects = {

/* Begin PBXBuildFile section */
		3671374927DC872000BDE117 /* Tests_iOS.swift in Sources */ = {isa = PBXBuildFile; fileRef = 3671374827DC872000BDE117 /* Tests_iOS.swift */; };
		3671374B27DC872000BDE117 /* Tests_iOSLaunchTests.swift in Sources */ = {isa = PBXBuildFile; fileRef = 3671374A27DC872000BDE117 /* Tests_iOSLaunchTests.swift */; };
		3671375527DC872000BDE117 /* Tests_macOS.swift in Sources */ = {isa = PBXBuildFile; fileRef = 3671375427DC872000BDE117 /* Tests_macOS.swift */; };
		3671375727DC872000BDE117 /* Tests_macOSLaunchTests.swift in Sources */ = {isa = PBXBuildFile; fileRef = 3671375627DC872000BDE117 /* Tests_macOSLaunchTests.swift */; };
		3671375827DC872000BDE117 /* timelineApp.swift in Sources */ = {isa = PBXBuildFile; fileRef = 3671373027DC871F00BDE117 /* timelineApp.swift */; };
		3671375927DC872000BDE117 /* timelineApp.swift in Sources */ = {isa = PBXBuildFile; fileRef = 3671373027DC871F00BDE117 /* timelineApp.swift */; };
		3671375A27DC872000BDE117 /* ContentView.swift in Sources */ = {isa = PBXBuildFile; fileRef = 3671373127DC871F00BDE117 /* ContentView.swift */; };
		3671375B27DC872000BDE117 /* ContentView.swift in Sources */ = {isa = PBXBuildFile; fileRef = 3671373127DC871F00BDE117 /* ContentView.swift */; };
		3671375C27DC872000BDE117 /* Assets.xcassets in Resources */ = {isa = PBXBuildFile; fileRef = 3671373227DC872000BDE117 /* Assets.xcassets */; };
		3671375D27DC872000BDE117 /* Assets.xcassets in Resources */ = {isa = PBXBuildFile; fileRef = 3671373227DC872000BDE117 /* Assets.xcassets */; };
/* End PBXBuildFile section */

/* Begin PBXContainerItemProxy section */
		3671374527DC872000BDE117 /* PBXContainerItemProxy */ = {
			isa = PBXContainerItemProxy;
			containerPortal = 3671372B27DC871F00BDE117 /* Project object */;
			proxyType = 1;
			remoteGlobalIDString = 3671373627DC872000BDE117;
			remoteInfo = "timeline (iOS)";
		};
		3671375127DC872000BDE117 /* PBXContainerItemProxy */ = {
			isa = PBXContainerItemProxy;
			containerPortal = 3671372B27DC871F00BDE117 /* Project object */;
			proxyType = 1;
			remoteGlobalIDString = 3671373C27DC872000BDE117;
			remoteInfo = "timeline (macOS)";
		};
/* End PBXContainerItemProxy section */

/* Begin PBXFileReference section */
		3671373027DC871F00BDE117 /* timelineApp.swift */ = {isa = PBXFileReference; lastKnownFileType = sourcecode.swift; path = timelineApp.swift; sourceTree = "<group>"; };
		3671373127DC871F00BDE117 /* ContentView.swift */ = {isa = PBXFileReference; lastKnownFileType = sourcecode.swift; path = ContentView.swift; sourceTree = "<group>"; };
		3671373227DC872000BDE117 /* Assets.xcassets */ = {isa = PBXFileReference; lastKnownFileType = folder.assetcatalog; path = Assets.xcassets; sourceTree = "<group>"; };
		3671373727DC872000BDE117 /* timeline.app */ = {isa = PBXFileReference; explicitFileType = wrapper.application; includeInIndex = 0; path = timeline.app; sourceTree = BUILT_PRODUCTS_DIR; };
		3671373D27DC872000BDE117 /* timeline.app */ = {isa = PBXFileReference; explicitFileType = wrapper.application; includeInIndex = 0; path = timeline.app; sourceTree = BUILT_PRODUCTS_DIR; };
		3671373F27DC872000BDE117 /* macOS.entitlements */ = {isa = PBXFileReference; lastKnownFileType = text.plist.entitlements; path = macOS.entitlements; sourceTree = "<group>"; };
		3671374427DC872000BDE117 /* Tests iOS.xctest */ = {isa = PBXFileReference; explicitFileType = wrapper.cfbundle; includeInIndex = 0; path = "Tests iOS.xctest"; sourceTree = BUILT_PRODUCTS_DIR; };
		3671374827DC872000BDE117 /* Tests_iOS.swift */ = {isa = PBXFileReference; lastKnownFileType = sourcecode.swift; path = Tests_iOS.swift; sourceTree = "<group>"; };
		3671374A27DC872000BDE117 /* Tests_iOSLaunchTests.swift */ = {isa = PBXFileReference; lastKnownFileType = sourcecode.swift; path = Tests_iOSLaunchTests.swift; sourceTree = "<group>"; };
		3671375027DC872000BDE117 /* Tests macOS.xctest */ = {isa = PBXFileReference; explicitFileType = wrapper.cfbundle; includeInIndex = 0; path = "Tests macOS.xctest"; sourceTree = BUILT_PRODUCTS_DIR; };
		3671375427DC872000BDE117 /* Tests_macOS.swift */ = {isa = PBXFileReference; lastKnownFileType = sourcecode.swift; path = Tests_macOS.swift; sourceTree = "<group>"; };
		3671375627DC872000BDE117 /* Tests_macOSLaunchTests.swift */ = {isa = PBXFileReference; lastKnownFileType = sourcecode.swift; path = Tests_macOSLaunchTests.swift; sourceTree = "<group>"; };
/* End PBXFileReference section */

/* Begin PBXFrameworksBuildPhase section */
		3671373427DC872000BDE117 /* Frameworks */ = {
			isa = PBXFrameworksBuildPhase;
			buildActionMask = 2147483647;
			files = (
			);
			runOnlyForDeploymentPostprocessing = 0;
		};
		3671373A27DC872000BDE117 /* Frameworks */ = {
			isa = PBXFrameworksBuildPhase;
			buildActionMask = 2147483647;
			files = (
			);
			runOnlyForDeploymentPostprocessing = 0;
		};
		3671374127DC872000BDE117 /* Frameworks */ = {
			isa = PBXFrameworksBuildPhase;
			buildActionMask = 2147483647;
			files = (
			);
			runOnlyForDeploymentPostprocessing = 0;
		};
		3671374D27DC872000BDE117 /* Frameworks */ = {
			isa = PBXFrameworksBuildPhase;
			buildActionMask = 2147483647;
			files = (
			);
			runOnlyForDeploymentPostprocessing = 0;
		};
/* End PBXFrameworksBuildPhase section */

/* Begin PBXGroup section */
		3671372A27DC871F00BDE117 = {
			isa = PBXGroup;
			children = (
				3671372F27DC871F00BDE117 /* Shared */,
				3671373E27DC872000BDE117 /* macOS */,
				3671374727DC872000BDE117 /* Tests iOS */,
				3671375327DC872000BDE117 /* Tests macOS */,
				3671373827DC872000BDE117 /* Products */,
			);
			sourceTree = "<group>";
		};
		3671372F27DC871F00BDE117 /* Shared */ = {
			isa = PBXGroup;
			children = (
				3671373027DC871F00BDE117 /* timelineApp.swift */,
				3671373127DC871F00BDE117 /* ContentView.swift */,
				3671373227DC872000BDE117 /* Assets.xcassets */,
			);
			path = Shared;
			sourceTree = "<group>";
		};
		3671373827DC872000BDE117 /* Products */ = {
			isa = PBXGroup;
			children = (
				3671373727DC872000BDE117 /* timeline.app */,
				3671373D27DC872000BDE117 /* timeline.app */,
				3671374427DC872000BDE117 /* Tests iOS.xctest */,
				3671375027DC872000BDE117 /* Tests macOS.xctest */,
			);
			name = Products;
			sourceTree = "<group>";
		};
		3671373E27DC872000BDE117 /* macOS */ = {
			isa = PBXGroup;
			children = (
				3671373F27DC872000BDE117 /* macOS.entitlements */,
			);
			path = macOS;
			sourceTree = "<group>";
		};
		3671374727DC872000BDE117 /* Tests iOS */ = {
			isa = PBXGroup;
			children = (
				3671374827DC872000BDE117 /* Tests_iOS.swift */,
				3671374A27DC872000BDE117 /* Tests_iOSLaunchTests.swift */,
			);
			path = "Tests iOS";
			sourceTree = "<group>";
		};
		3671375327DC872000BDE117 /* Tests macOS */ = {
			isa = PBXGroup;
			children = (
				3671375427DC872000BDE117 /* Tests_macOS.swift */,
				3671375627DC872000BDE117 /* Tests_macOSLaunchTests.swift */,
			);
			path = "Tests macOS";
			sourceTree = "<group>";
		};
/* End PBXGroup section */

/* Begin PBXNativeTarget section */
		3671373627DC872000BDE117 /* timeline (iOS) */ = {
			isa = PBXNativeTarget;
			buildConfigurationList = 3671376027DC872000BDE117 /* Build configuration list for PBXNativeTarget "timeline (iOS)" */;
			buildPhases = (
				3671373327DC872000BDE117 /* Sources */,
				3671373427DC872000BDE117 /* Frameworks */,
				3671373527DC872000BDE117 /* Resources */,
			);
			buildRules = (
			);
			dependencies = (
			);
			name = "timeline (iOS)";
			productName = "timeline (iOS)";
			productReference = 3671373727DC872000BDE117 /* timeline.app */;
			productType = "com.apple.product-type.application";
		};
		3671373C27DC872000BDE117 /* timeline (macOS) */ = {
			isa = PBXNativeTarget;
			buildConfigurationList = 3671376327DC872000BDE117 /* Build configuration list for PBXNativeTarget "timeline (macOS)" */;
			buildPhases = (
				3671373927DC872000BDE117 /* Sources */,
				3671373A27DC872000BDE117 /* Frameworks */,
				3671373B27DC872000BDE117 /* Resources */,
			);
			buildRules = (
			);
			dependencies = (
			);
			name = "timeline (macOS)";
			productName = "timeline (macOS)";
			productReference = 3671373D27DC872000BDE117 /* timeline.app */;
			productType = "com.apple.product-type.application";
		};
		3671374327DC872000BDE117 /* Tests iOS */ = {
			isa = PBXNativeTarget;
			buildConfigurationList = 3671376627DC872000BDE117 /* Build configuration list for PBXNativeTarget "Tests iOS" */;
			buildPhases = (
				3671374027DC872000BDE117 /* Sources */,
				3671374127DC872000BDE117 /* Frameworks */,
				3671374227DC872000BDE117 /* Resources */,
			);
			buildRules = (
			);
			dependencies = (
				3671374627DC872000BDE117 /* PBXTargetDependency */,
			);
			name = "Tests iOS";
			productName = "Tests iOS";
			productReference = 3671374427DC872000BDE117 /* Tests iOS.xctest */;
			productType = "com.apple.product-type.bundle.ui-testing";
		};
		3671374F27DC872000BDE117 /* Tests macOS */ = {
			isa = PBXNativeTarget;
			buildConfigurationList = 3671376927DC872000BDE117 /* Build configuration list for PBXNativeTarget "Tests macOS" */;
			buildPhases = (
				3671374C27DC872000BDE117 /* Sources */,
				3671374D27DC872000BDE117 /* Frameworks */,
				3671374E27DC872000BDE117 /* Resources */,
			);
			buildRules = (
			);
			dependencies = (
				3671375227DC872000BDE117 /* PBXTargetDependency */,
			);
			name = "Tests macOS";
			productName = "Tests macOS";
			productReference = 3671375027DC872000BDE117 /* Tests macOS.xctest */;
			productType = "com.apple.product-type.bundle.ui-testing";
		};
/* End PBXNativeTarget section */

/* Begin PBXProject section */
		3671372B27DC871F00BDE117 /* Project object */ = {
			isa = PBXProject;
			attributes = {
				BuildIndependentTargetsInParallel = 1;
				LastSwiftUpdateCheck = 1320;
				LastUpgradeCheck = 1320;
				TargetAttributes = {
					3671373627DC872000BDE117 = {
						CreatedOnToolsVersion = 13.2;
					};
					3671373C27DC872000BDE117 = {
						CreatedOnToolsVersion = 13.2;
					};
					3671374327DC872000BDE117 = {
						CreatedOnToolsVersion = 13.2;
						TestTargetID = 3671373627DC872000BDE117;
					};
					3671374F27DC872000BDE117 = {
						CreatedOnToolsVersion = 13.2;
						TestTargetID = 3671373C27DC872000BDE117;
					};
				};
			};
			buildConfigurationList = 3671372E27DC871F00BDE117 /* Build configuration list for PBXProject "timeline" */;
			compatibilityVersion = "Xcode 13.0";
			developmentRegion = en;
			hasScannedForEncodings = 0;
			knownRegions = (
				en,
				Base,
			);
			mainGroup = 3671372A27DC871F00BDE117;
			productRefGroup = 3671373827DC872000BDE117 /* Products */;
			projectDirPath = "";
			projectRoot = "";
			targets = (
				3671373627DC872000BDE117 /* timeline (iOS) */,
				3671373C27DC872000BDE117 /* timeline (macOS) */,
				3671374327DC872000BDE117 /* Tests iOS */,
				3671374F27DC872000BDE117 /* Tests macOS */,
			);
		};
/* End PBXProject section */

/* Begin PBXResourcesBuildPhase section */
		3671373527DC872000BDE117 /* Resources */ = {
			isa = PBXResourcesBuildPhase;
			buildActionMask = 2147483647;
			files = (
				3671375C27DC872000BDE117 /* Assets.xcassets in Resources */,
			);
			runOnlyForDeploymentPostprocessing = 0;
		};
		3671373B27DC872000BDE117 /* Resources */ = {
			isa = PBXResourcesBuildPhase;
			buildActionMask = 2147483647;
			files = (
				3671375D27DC872000BDE117 /* Assets.xcassets in Resources */,
			);
			runOnlyForDeploymentPostprocessing = 0;
		};
		3671374227DC872000BDE117 /* Resources */ = {
			isa = PBXResourcesBuildPhase;
			buildActionMask = 2147483647;
			files = (
			);
			runOnlyForDeploymentPostprocessing = 0;
		};
		3671374E27DC872000BDE117 /* Resources */ = {
			isa = PBXResourcesBuildPhase;
			buildActionMask = 2147483647;
			files = (
			);
			runOnlyForDeploymentPostprocessing = 0;
		};
/* End PBXResourcesBuildPhase section */

/* Begin PBXSourcesBuildPhase section */
		3671373327DC872000BDE117 /* Sources */ = {
			isa = PBXSourcesBuildPhase;
			buildActionMask = 2147483647;
			files = (
				3671375A27DC872000BDE117 /* ContentView.swift in Sources */,
				3671375827DC872000BDE117 /* timelineApp.swift in Sources */,
			);
			runOnlyForDeploymentPostprocessing = 0;
		};
		3671373927DC872000BDE117 /* Sources */ = {
			isa = PBXSourcesBuildPhase;
			buildActionMask = 2147483647;
			files = (
				3671375B27DC872000BDE117 /* ContentView.swift in Sources */,
				3671375927DC872000BDE117 /* timelineApp.swift in Sources */,
			);
			runOnlyForDeploymentPostprocessing = 0;
		};
		3671374027DC872000BDE117 /* Sources */ = {
			isa = PBXSourcesBuildPhase;
			buildActionMask = 2147483647;
			files = (
				3671374B27DC872000BDE117 /* Tests_iOSLaunchTests.swift in Sources */,
				3671374927DC872000BDE117 /* Tests_iOS.swift in Sources */,
			);
			runOnlyForDeploymentPostprocessing = 0;
		};
		3671374C27DC872000BDE117 /* Sources */ = {
			isa = PBXSourcesBuildPhase;
			buildActionMask = 2147483647;
			files = (
				3671375727DC872000BDE117 /* Tests_macOSLaunchTests.swift in Sources */,
				3671375527DC872000BDE117 /* Tests_macOS.swift in Sources */,
			);
			runOnlyForDeploymentPostprocessing = 0;
		};
/* End PBXSourcesBuildPhase section */

/* Begin PBXTargetDependency section */
		3671374627DC872000BDE117 /* PBXTargetDependency */ = {
			isa = PBXTargetDependency;
			target = 3671373627DC872000BDE117 /* timeline (iOS) */;
			targetProxy = 3671374527DC872000BDE117 /* PBXContainerItemProxy */;
		};
		3671375227DC872000BDE117 /* PBXTargetDependency */ = {
			isa = PBXTargetDependency;
			target = 3671373C27DC872000BDE117 /* timeline (macOS) */;
			targetProxy = 3671375127DC872000BDE117 /* PBXContainerItemProxy */;
		};
/* End PBXTargetDependency section */

/* Begin XCBuildConfiguration section */
		3671375E27DC872000BDE117 /* Debug */ = {
			isa = XCBuildConfiguration;
			buildSettings = {
				ALWAYS_SEARCH_USER_PATHS = NO;
				CLANG_ANALYZER_NONNULL = YES;
				CLANG_ANALYZER_NUMBER_OBJECT_CONVERSION = YES_AGGRESSIVE;
				CLANG_CXX_LANGUAGE_STANDARD = "gnu++17";
				CLANG_CXX_LIBRARY = "libc++";
				CLANG_ENABLE_MODULES = YES;
				CLANG_ENABLE_OBJC_ARC = YES;
				CLANG_ENABLE_OBJC_WEAK = YES;
				CLANG_WARN_BLOCK_CAPTURE_AUTORELEASING = YES;
				CLANG_WARN_BOOL_CONVERSION = YES;
				CLANG_WARN_COMMA = YES;
				CLANG_WARN_CONSTANT_CONVERSION = YES;
				CLANG_WARN_DEPRECATED_OBJC_IMPLEMENTATIONS = YES;
				CLANG_WARN_DIRECT_OBJC_ISA_USAGE = YES_ERROR;
				CLANG_WARN_DOCUMENTATION_COMMENTS = YES;
				CLANG_WARN_EMPTY_BODY = YES;
				CLANG_WARN_ENUM_CONVERSION = YES;
				CLANG_WARN_INFINITE_RECURSION = YES;
				CLANG_WARN_INT_CONVERSION = YES;
				CLANG_WARN_NON_LITERAL_NULL_CONVERSION = YES;
				CLANG_WARN_OBJC_IMPLICIT_RETAIN_SELF = YES;
				CLANG_WARN_OBJC_LITERAL_CONVERSION = YES;
				CLANG_WARN_OBJC_ROOT_CLASS = YES_ERROR;
				CLANG_WARN_QUOTED_INCLUDE_IN_FRAMEWORK_HEADER = YES;
				CLANG_WARN_RANGE_LOOP_ANALYSIS = YES;
				CLANG_WARN_STRICT_PROTOTYPES = YES;
				CLANG_WARN_SUSPICIOUS_MOVE = YES;
				CLANG_WARN_UNGUARDED_AVAILABILITY = YES_AGGRESSIVE;
				CLANG_WARN_UNREACHABLE_CODE = YES;
				CLANG_WARN__DUPLICATE_METHOD_MATCH = YES;
				COPY_PHASE_STRIP = NO;
				DEBUG_INFORMATION_FORMAT = dwarf;
				ENABLE_STRICT_OBJC_MSGSEND = YES;
				ENABLE_TESTABILITY = YES;
				GCC_C_LANGUAGE_STANDARD = gnu11;
				GCC_DYNAMIC_NO_PIC = NO;
				GCC_NO_COMMON_BLOCKS = YES;
				GCC_OPTIMIZATION_LEVEL = 0;
				GCC_PREPROCESSOR_DEFINITIONS = (
					"DEBUG=1",
					"$(inherited)",
				);
				GCC_WARN_64_TO_32_BIT_CONVERSION = YES;
				GCC_WARN_ABOUT_RETURN_TYPE = YES_ERROR;
				GCC_WARN_UNDECLARED_SELECTOR = YES;
				GCC_WARN_UNINITIALIZED_AUTOS = YES_AGGRESSIVE;
				GCC_WARN_UNUSED_FUNCTION = YES;
				GCC_WARN_UNUSED_VARIABLE = YES;
				MTL_ENABLE_DEBUG_INFO = INCLUDE_SOURCE;
				MTL_FAST_MATH = YES;
				ONLY_ACTIVE_ARCH = YES;
				SWIFT_ACTIVE_COMPILATION_CONDITIONS = DEBUG;
				SWIFT_OPTIMIZATION_LEVEL = "-Onone";
			};
			name = Debug;
		};
		3671375F27DC872000BDE117 /* Release */ = {
			isa = XCBuildConfiguration;
			buildSettings = {
				ALWAYS_SEARCH_USER_PATHS = NO;
				CLANG_ANALYZER_NONNULL = YES;
				CLANG_ANALYZER_NUMBER_OBJECT_CONVERSION = YES_AGGRESSIVE;
				CLANG_CXX_LANGUAGE_STANDARD = "gnu++17";
				CLANG_CXX_LIBRARY = "libc++";
				CLANG_ENABLE_MODULES = YES;
				CLANG_ENABLE_OBJC_ARC = YES;
				CLANG_ENABLE_OBJC_WEAK = YES;
				CLANG_WARN_BLOCK_CAPTURE_AUTORELEASING = YES;
				CLANG_WARN_BOOL_CONVERSION = YES;
				CLANG_WARN_COMMA = YES;
				CLANG_WARN_CONSTANT_CONVERSION = YES;
				CLANG_WARN_DEPRECATED_OBJC_IMPLEMENTATIONS = YES;
				CLANG_WARN_DIRECT_OBJC_ISA_USAGE = YES_ERROR;
				CLANG_WARN_DOCUMENTATION_COMMENTS = YES;
				CLANG_WARN_EMPTY_BODY = YES;
				CLANG_WARN_ENUM_CONVERSION = YES;
				CLANG_WARN_INFINITE_RECURSION = YES;
				CLANG_WARN_INT_CONVERSION = YES;
				CLANG_WARN_NON_LITERAL_NULL_CONVERSION = YES;
				CLANG_WARN_OBJC_IMPLICIT_RETAIN_SELF = YES;
				CLANG_WARN_OBJC_LITERAL_CONVERSION = YES;
				CLANG_WARN_OBJC_ROOT_CLASS = YES_ERROR;
				CLANG_WARN_QUOTED_INCLUDE_IN_FRAMEWORK_HEADER = YES;
				CLANG_WARN_RANGE_LOOP_ANALYSIS = YES;
				CLANG_WARN_STRICT_PROTOTYPES = YES;
				CLANG_WARN_SUSPICIOUS_MOVE = YES;
				CLANG_WARN_UNGUARDED_AVAILABILITY = YES_AGGRESSIVE;
				CLANG_WARN_UNREACHABLE_CODE = YES;
				CLANG_WARN__DUPLICATE_METHOD_MATCH = YES;
				COPY_PHASE_STRIP = NO;
				DEBUG_INFORMATION_FORMAT = "dwarf-with-dsym";
				ENABLE_NS_ASSERTIONS = NO;
				ENABLE_STRICT_OBJC_MSGSEND = YES;
				GCC_C_LANGUAGE_STANDARD = gnu11;
				GCC_NO_COMMON_BLOCKS = YES;
				GCC_WARN_64_TO_32_BIT_CONVERSION = YES;
				GCC_WARN_ABOUT_RETURN_TYPE = YES_ERROR;
				GCC_WARN_UNDECLARED_SELECTOR = YES;
				GCC_WARN_UNINITIALIZED_AUTOS = YES_AGGRESSIVE;
				GCC_WARN_UNUSED_FUNCTION = YES;
				GCC_WARN_UNUSED_VARIABLE = YES;
				MTL_ENABLE_DEBUG_INFO = NO;
				MTL_FAST_MATH = YES;
				SWIFT_COMPILATION_MODE = wholemodule;
				SWIFT_OPTIMIZATION_LEVEL = "-O";
			};
			name = Release;
		};
		3671376127DC872000BDE117 /* Debug */ = {
			isa = XCBuildConfiguration;
			buildSettings = {
				ASSETCATALOG_COMPILER_APPICON_NAME = AppIcon;
				ASSETCATALOG_COMPILER_GLOBAL_ACCENT_COLOR_NAME = AccentColor;
				CODE_SIGN_STYLE = Automatic;
				CURRENT_PROJECT_VERSION = 1;
				DEVELOPMENT_TEAM = 6Y5B9KT4Y6;
				ENABLE_PREVIEWS = YES;
				GENERATE_INFOPLIST_FILE = YES;
				INFOPLIST_KEY_UIApplicationSceneManifest_Generation = YES;
				INFOPLIST_KEY_UIApplicationSupportsIndirectInputEvents = YES;
				INFOPLIST_KEY_UILaunchScreen_Generation = YES;
				INFOPLIST_KEY_UISupportedInterfaceOrientations_iPad = "UIInterfaceOrientationPortrait UIInterfaceOrientationPortraitUpsideDown UIInterfaceOrientationLandscapeLeft UIInterfaceOrientationLandscapeRight";
				INFOPLIST_KEY_UISupportedInterfaceOrientations_iPhone = "UIInterfaceOrientationPortrait UIInterfaceOrientationLandscapeLeft UIInterfaceOrientationLandscapeRight";
				IPHONEOS_DEPLOYMENT_TARGET = 15.2;
				LD_RUNPATH_SEARCH_PATHS = (
					"$(inherited)",
					"@executable_path/Frameworks",
				);
				MARKETING_VERSION = 1.0;
				PRODUCT_BUNDLE_IDENTIFIER = ru.redetection.timeline;
				PRODUCT_NAME = timeline;
				SDKROOT = iphoneos;
				SWIFT_EMIT_LOC_STRINGS = YES;
				SWIFT_VERSION = 5.0;
				TARGETED_DEVICE_FAMILY = "1,2";
			};
			name = Debug;
		};
		3671376227DC872000BDE117 /* Release */ = {
			isa = XCBuildConfiguration;
			buildSettings = {
				ASSETCATALOG_COMPILER_APPICON_NAME = AppIcon;
				ASSETCATALOG_COMPILER_GLOBAL_ACCENT_COLOR_NAME = AccentColor;
				CODE_SIGN_STYLE = Automatic;
				CURRENT_PROJECT_VERSION = 1;
				DEVELOPMENT_TEAM = 6Y5B9KT4Y6;
				ENABLE_PREVIEWS = YES;
				GENERATE_INFOPLIST_FILE = YES;
				INFOPLIST_KEY_UIApplicationSceneManifest_Generation = YES;
				INFOPLIST_KEY_UIApplicationSupportsIndirectInputEvents = YES;
				INFOPLIST_KEY_UILaunchScreen_Generation = YES;
				INFOPLIST_KEY_UISupportedInterfaceOrientations_iPad = "UIInterfaceOrientationPortrait UIInterfaceOrientationPortraitUpsideDown UIInterfaceOrientationLandscapeLeft UIInterfaceOrientationLandscapeRight";
				INFOPLIST_KEY_UISupportedInterfaceOrientations_iPhone = "UIInterfaceOrientationPortrait UIInterfaceOrientationLandscapeLeft UIInterfaceOrientationLandscapeRight";
				IPHONEOS_DEPLOYMENT_TARGET = 15.2;
				LD_RUNPATH_SEARCH_PATHS = (
					"$(inherited)",
					"@executable_path/Frameworks",
				);
				MARKETING_VERSION = 1.0;
				PRODUCT_BUNDLE_IDENTIFIER = ru.redetection.timeline;
				PRODUCT_NAME = timeline;
				SDKROOT = iphoneos;
				SWIFT_EMIT_LOC_STRINGS = YES;
				SWIFT_VERSION = 5.0;
				TARGETED_DEVICE_FAMILY = "1,2";
				VALIDATE_PRODUCT = YES;
			};
			name = Release;
		};
		3671376427DC872000BDE117 /* Debug */ = {
			isa = XCBuildConfiguration;
			buildSettings = {
				ASSETCATALOG_COMPILER_APPICON_NAME = AppIcon;
				ASSETCATALOG_COMPILER_GLOBAL_ACCENT_COLOR_NAME = AccentColor;
				CODE_SIGN_ENTITLEMENTS = macOS/macOS.entitlements;
				CODE_SIGN_STYLE = Automatic;
				COMBINE_HIDPI_IMAGES = YES;
				CURRENT_PROJECT_VERSION = 1;
				DEVELOPMENT_TEAM = 6Y5B9KT4Y6;
				ENABLE_HARDENED_RUNTIME = YES;
				ENABLE_PREVIEWS = YES;
				GENERATE_INFOPLIST_FILE = YES;
				INFOPLIST_KEY_NSHumanReadableCopyright = "";
				LD_RUNPATH_SEARCH_PATHS = (
					"$(inherited)",
					"@executable_path/../Frameworks",
				);
				MACOSX_DEPLOYMENT_TARGET = 12.1;
				MARKETING_VERSION = 1.0;
				PRODUCT_BUNDLE_IDENTIFIER = ru.redetection.timeline;
				PRODUCT_NAME = timeline;
				SDKROOT = macosx;
				SWIFT_EMIT_LOC_STRINGS = YES;
				SWIFT_VERSION = 5.0;
			};
			name = Debug;
		};
		3671376527DC872000BDE117 /* Release */ = {
			isa = XCBuildConfiguration;
			buildSettings = {
				ASSETCATALOG_COMPILER_APPICON_NAME = AppIcon;
				ASSETCATALOG_COMPILER_GLOBAL_ACCENT_COLOR_NAME = AccentColor;
				CODE_SIGN_ENTITLEMENTS = macOS/macOS.entitlements;
				CODE_SIGN_STYLE = Automatic;
				COMBINE_HIDPI_IMAGES = YES;
				CURRENT_PROJECT_VERSION = 1;
				DEVELOPMENT_TEAM = 6Y5B9KT4Y6;
				ENABLE_HARDENED_RUNTIME = YES;
				ENABLE_PREVIEWS = YES;
				GENERATE_INFOPLIST_FILE = YES;
				INFOPLIST_KEY_NSHumanReadableCopyright = "";
				LD_RUNPATH_SEARCH_PATHS = (
					"$(inherited)",
					"@executable_path/../Frameworks",
				);
				MACOSX_DEPLOYMENT_TARGET = 12.1;
				MARKETING_VERSION = 1.0;
				PRODUCT_BUNDLE_IDENTIFIER = ru.redetection.timeline;
				PRODUCT_NAME = timeline;
				SDKROOT = macosx;
				SWIFT_EMIT_LOC_STRINGS = YES;
				SWIFT_VERSION = 5.0;
			};
			name = Release;
		};
		3671376727DC872000BDE117 /* Debug */ = {
			isa = XCBuildConfiguration;
			buildSettings = {
				ALWAYS_EMBED_SWIFT_STANDARD_LIBRARIES = YES;
				CODE_SIGN_STYLE = Automatic;
				CURRENT_PROJECT_VERSION = 1;
				DEVELOPMENT_TEAM = 6Y5B9KT4Y6;
				GENERATE_INFOPLIST_FILE = YES;
				IPHONEOS_DEPLOYMENT_TARGET = 15.2;
				MARKETING_VERSION = 1.0;
				PRODUCT_BUNDLE_IDENTIFIER = "ru.redetection.Tests-iOS";
				PRODUCT_NAME = "$(TARGET_NAME)";
				SDKROOT = iphoneos;
				SWIFT_EMIT_LOC_STRINGS = NO;
				SWIFT_VERSION = 5.0;
				TARGETED_DEVICE_FAMILY = "1,2";
				TEST_TARGET_NAME = "timeline (iOS)";
			};
			name = Debug;
		};
		3671376827DC872000BDE117 /* Release */ = {
			isa = XCBuildConfiguration;
			buildSettings = {
				ALWAYS_EMBED_SWIFT_STANDARD_LIBRARIES = YES;
				CODE_SIGN_STYLE = Automatic;
				CURRENT_PROJECT_VERSION = 1;
				DEVELOPMENT_TEAM = 6Y5B9KT4Y6;
				GENERATE_INFOPLIST_FILE = YES;
				IPHONEOS_DEPLOYMENT_TARGET = 15.2;
				MARKETING_VERSION = 1.0;
				PRODUCT_BUNDLE_IDENTIFIER = "ru.redetection.Tests-iOS";
				PRODUCT_NAME = "$(TARGET_NAME)";
				SDKROOT = iphoneos;
				SWIFT_EMIT_LOC_STRINGS = NO;
				SWIFT_VERSION = 5.0;
				TARGETED_DEVICE_FAMILY = "1,2";
				TEST_TARGET_NAME = "timeline (iOS)";
				VALIDATE_PRODUCT = YES;
			};
			name = Release;
		};
		3671376A27DC872000BDE117 /* Debug */ = {
			isa = XCBuildConfiguration;
			buildSettings = {
				ALWAYS_EMBED_SWIFT_STANDARD_LIBRARIES = YES;
				CODE_SIGN_STYLE = Automatic;
				CURRENT_PROJECT_VERSION = 1;
				DEVELOPMENT_TEAM = 6Y5B9KT4Y6;
				GENERATE_INFOPLIST_FILE = YES;
				MACOSX_DEPLOYMENT_TARGET = 12.1;
				MARKETING_VERSION = 1.0;
				PRODUCT_BUNDLE_IDENTIFIER = "ru.redetection.Tests-macOS";
				PRODUCT_NAME = "$(TARGET_NAME)";
				SDKROOT = macosx;
				SWIFT_EMIT_LOC_STRINGS = NO;
				SWIFT_VERSION = 5.0;
				TEST_TARGET_NAME = "timeline (macOS)";
			};
			name = Debug;
		};
		3671376B27DC872000BDE117 /* Release */ = {
			isa = XCBuildConfiguration;
			buildSettings = {
				ALWAYS_EMBED_SWIFT_STANDARD_LIBRARIES = YES;
				CODE_SIGN_STYLE = Automatic;
				CURRENT_PROJECT_VERSION = 1;
				DEVELOPMENT_TEAM = 6Y5B9KT4Y6;
				GENERATE_INFOPLIST_FILE = YES;
				MACOSX_DEPLOYMENT_TARGET = 12.1;
				MARKETING_VERSION = 1.0;
				PRODUCT_BUNDLE_IDENTIFIER = "ru.redetection.Tests-macOS";
				PRODUCT_NAME = "$(TARGET_NAME)";
				SDKROOT = macosx;
				SWIFT_EMIT_LOC_STRINGS = NO;
				SWIFT_VERSION = 5.0;
				TEST_TARGET_NAME = "timeline (macOS)";
			};
			name = Release;
		};
/* End XCBuildConfiguration section */

/* Begin XCConfigurationList section */
		3671372E27DC871F00BDE117 /* Build configuration list for PBXProject "timeline" */ = {
			isa = XCConfigurationList;
			buildConfigurations = (
				3671375E27DC872000BDE117 /* Debug */,
				3671375F27DC872000BDE117 /* Release */,
			);
			defaultConfigurationIsVisible = 0;
			defaultConfigurationName = Release;
		};
		3671376027DC872000BDE117 /* Build configuration list for PBXNativeTarget "timeline (iOS)" */ = {
			isa = XCConfigurationList;
			buildConfigurations = (
				3671376127DC872000BDE117 /* Debug */,
				3671376227DC872000BDE117 /* Release */,
			);
			defaultConfigurationIsVisible = 0;
			defaultConfigurationName = Release;
		};
		3671376327DC872000BDE117 /* Build configuration list for PBXNativeTarget "timeline (macOS)" */ = {
			isa = XCConfigurationList;
			buildConfigurations = (
				3671376427DC872000BDE117 /* Debug */,
				3671376527DC872000BDE117 /* Release */,
			);
			defaultConfigurationIsVisible = 0;
			defaultConfigurationName = Release;
		};
		3671376627DC872000BDE117 /* Build configuration list for PBXNativeTarget "Tests iOS" */ = {
			isa = XCConfigurationList;
			buildConfigurations = (
				3671376727DC872000BDE117 /* Debug */,
				3671376827DC872000BDE117 /* Release */,
			);
			defaultConfigurationIsVisible = 0;
			defaultConfigurationName = Release;
		};
		3671376927DC872000BDE117 /* Build configuration list for PBXNativeTarget "Tests macOS" */ = {
			isa = XCConfigurationList;
			buildConfigurations = (
				3671376A27DC872000BDE117 /* Debug */,
				3671376B27DC872000BDE117 /* Release */,
			);
			defaultConfigurationIsVisible = 0;
			defaultConfigurationName = Release;
		};
/* End XCConfigurationList section */
	};
	rootObject = 3671372B27DC871F00BDE117 /* Project object */;
}
